
Microsoft Visual Studio Solution File, Format Version 12.00
# Visual Studio Version 16
VisualStudioVersion = 16.0.29806.167
MinimumVisualStudioVersion = 10.0.40219.1
Project("{FAE04EC0-301F-11D3-BF4B-00C04F79EFBC}") = "WeSellUsers.Web", "WeSellUsers.Web\WeSellUsers.Web.csproj", "{22B92827-67AB-4AA0-BA3F-89F7294983FE}"
EndProject
Project("{FAE04EC0-301F-11D3-BF4B-00C04F79EFBC}") = "WeSellUsers.Data", "WeSellUsers.Data\WeSellUsers.Data.csproj", "{AAE7CC21-FEA3-4310-94A5-40C33EFAA244}"
EndProject
Global
	GlobalSection(SolutionConfigurationPlatforms) = preSolution
		Debug|Any CPU = Debug|Any CPU
		Release|Any CPU = Release|Any CPU
	EndGlobalSection
	GlobalSection(ProjectConfigurationPlatforms) = postSolution
		{22B92827-67AB-4AA0-BA3F-89F7294983FE}.Debug|Any CPU.ActiveCfg = Debug|Any CPU
		{22B92827-67AB-4AA0-BA3F-89F7294983FE}.Debug|Any CPU.Build.0 = Debug|Any CPU
		{22B92827-67AB-4AA0-BA3F-89F7294983FE}.Release|Any CPU.ActiveCfg = Release|Any CPU
		{22B92827-67AB-4AA0-BA3F-89F7294983FE}.Release|Any CPU.Build.0 = Release|Any CPU
		{AAE7CC21-FEA3-4310-94A5-40C33EFAA244}.Debug|Any CPU.ActiveCfg = Debug|Any CPU
		{AAE7CC21-FEA3-4310-94A5-40C33EFAA244}.Debug|Any CPU.Build.0 = Debug|Any CPU
		{AAE7CC21-FEA3-4310-94A5-40C33EFAA244}.Release|Any CPU.ActiveCfg = Release|Any CPU
		{AAE7CC21-FEA3-4310-94A5-40C33EFAA244}.Release|Any CPU.Build.0 = Release|Any CPU
	EndGlobalSection
	GlobalSection(SolutionProperties) = preSolution
		HideSolutionNode = FALSE
	EndGlobalSection
	GlobalSection(ExtensibilityGlobals) = postSolution
		SolutionGuid = {D6F09EA5-71D4-4FC7-8340-FAC94D05D446}
	EndGlobalSection
EndGlobal
